
Microsoft Visual Studio Solution File, Format Version 12.00
# Visual Studio Version 17
VisualStudioVersion = 17.6.33829.357
MinimumVisualStudioVersion = 10.0.40219.1
Project("{FAE04EC0-301F-11D3-BF4B-00C04F79EFBC}") = "MarvelSnapDeckRandomiser", "MarvelSnapDeckRandomiser.csproj", "{CFCC97F5-CD96-4A22-8144-76585CAC0E59}"
EndProject
Global
	GlobalSection(SolutionConfigurationPlatforms) = preSolution
		Debug|Any CPU = Debug|Any CPU
		Release|Any CPU = Release|Any CPU
	EndGlobalSection
	GlobalSection(ProjectConfigurationPlatforms) = postSolution
		{CFCC97F5-CD96-4A22-8144-76585CAC0E59}.Debug|Any CPU.ActiveCfg = Debug|Any CPU
		{CFCC97F5-CD96-4A22-8144-76585CAC0E59}.Debug|Any CPU.Build.0 = Debug|Any CPU
		{CFCC97F5-CD96-4A22-8144-76585CAC0E59}.Release|Any CPU.ActiveCfg = Release|Any CPU
		{CFCC97F5-CD96-4A22-8144-76585CAC0E59}.Release|Any CPU.Build.0 = Release|Any CPU
	EndGlobalSection
	GlobalSection(SolutionProperties) = preSolution
		HideSolutionNode = FALSE
	EndGlobalSection
	GlobalSection(ExtensibilityGlobals) = postSolution
		SolutionGuid = {E5AD7E46-4D23-4489-A706-B47C86675E17}
	EndGlobalSection
EndGlobal
